Microsoft Visual Studio Solution File, Format Version 11.00
# Visual Studio 2008

Project("{8ADC08CF-1055-43A8-3951-D23E72C0B4CD}") = "steam3d", "Assembly-CSharp-firstpass-vs.csproj", "{DB46050E-E2C5-FF46-7516-D297B5283EEE}"
EndProject
Project("{8ADC08CF-1055-43A8-3951-D23E72C0B4CD}") = "steam3d", "Assembly-CSharp-vs.csproj", "{4BF201ED-3492-8D1B-4CC4-45556EBBE47D}"
EndProject
Project("{8ADC08CF-1055-43A8-3951-D23E72C0B4CD}") = "steam3d", "Assembly-CSharp-Editor-vs.csproj", "{5F2E4163-5B4A-D95C-7D00-8296E4B81249}"
EndProject
Global
	GlobalSection(SolutionConfigurationPlatforms) = preSolution
		Debug|Any CPU = Debug|Any CPU
		Release|Any CPU = Release|Any CPU
	EndGlobalSection
	GlobalSection(ProjectConfigurationPlatforms) = postSolution
		{DB46050E-E2C5-FF46-7516-D297B5283EEE}.Debug|Any CPU.ActiveCfg = Debug|Any CPU
		{DB46050E-E2C5-FF46-7516-D297B5283EEE}.Debug|Any CPU.Build.0 = Debug|Any CPU
		{DB46050E-E2C5-FF46-7516-D297B5283EEE}.Release|Any CPU.ActiveCfg = Release|Any CPU
		{DB46050E-E2C5-FF46-7516-D297B5283EEE}.Release|Any CPU.Build.0 = Release|Any CPU
		{4BF201ED-3492-8D1B-4CC4-45556EBBE47D}.Debug|Any CPU.ActiveCfg = Debug|Any CPU
		{4BF201ED-3492-8D1B-4CC4-45556EBBE47D}.Debug|Any CPU.Build.0 = Debug|Any CPU
		{4BF201ED-3492-8D1B-4CC4-45556EBBE47D}.Release|Any CPU.ActiveCfg = Release|Any CPU
		{4BF201ED-3492-8D1B-4CC4-45556EBBE47D}.Release|Any CPU.Build.0 = Release|Any CPU
		{5F2E4163-5B4A-D95C-7D00-8296E4B81249}.Debug|Any CPU.ActiveCfg = Debug|Any CPU
		{5F2E4163-5B4A-D95C-7D00-8296E4B81249}.Debug|Any CPU.Build.0 = Debug|Any CPU
		{5F2E4163-5B4A-D95C-7D00-8296E4B81249}.Release|Any CPU.ActiveCfg = Release|Any CPU
		{5F2E4163-5B4A-D95C-7D00-8296E4B81249}.Release|Any CPU.Build.0 = Release|Any CPU
	EndGlobalSection
	GlobalSection(SolutionProperties) = preSolution
		HideSolutionNode = FALSE
	EndGlobalSection
						GlobalSection(MonoDevelopProperties) = preSolution
		StartupItem = Assembly-CSharp.csproj
		Policies = $0
		$0.TextStylePolicy = $1
		$1.inheritsSet = null
		$1.scope = text/x-csharp
		$0.CSharpFormattingPolicy = $2
		$2.inheritsSet = Mono
		$2.inheritsScope = text/x-csharp
		$2.scope = text/x-csharp
		$0.TextStylePolicy = $3
		$3.FileWidth = 120
		$3.TabWidth = 4
		$3.IndentWidth = 4
		$3.EolMarker = Unix
		$3.inheritsSet = Mono
		$3.inheritsScope = text/plain
		$3.scope = text/plain
	EndGlobalSection

EndGlobal
